
Microsoft Visual Studio Solution File, Format Version 12.00
# Visual Studio Version 16
VisualStudioVersion = 16.0.30503.244
MinimumVisualStudioVersion = 10.0.40219.1
Project("{9A19103F-16F7-4668-BE54-9A1E7A4F7556}") = "PdfParser", "PdfParser\PdfParser.csproj", "{13DB2BEC-79D1-465B-8983-D2F58EEC1FE3}"
EndProject
Project("{9A19103F-16F7-4668-BE54-9A1E7A4F7556}") = "PdfParserTest", "PdfParserTest\PdfParserTest.csproj", "{6E9FFBCE-3038-45F2-B548-094FD6A4C95D}"
EndProject
Project("{9A19103F-16F7-4668-BE54-9A1E7A4F7556}") = "CodeGenerator", "CodeGenerator\CodeGenerator.csproj", "{F0A60EDF-B7E0-41E1-B3F3-C2FC53ED00CA}"
EndProject
Project("{9A19103F-16F7-4668-BE54-9A1E7A4F7556}") = "PdfFilesTextBrowser", "PdfFilesTextBrowser\PdfFilesTextBrowser.csproj", "{277346D1-B62A-4C73-8E34-69A090ED29AE}"
EndProject
Project("{9A19103F-16F7-4668-BE54-9A1E7A4F7556}") = "XRefUpdater", "XRefUpdater\XRefUpdater.csproj", "{B2691543-3A33-4FCC-B6A4-9CCE8A924F8E}"
EndProject
Project("{2150E333-8FDC-42A3-9474-1A3956D46DE8}") = "Solution Items", "Solution Items", "{755A0700-F8DD-4BD4-9449-4C2FCB6F35DA}"
	ProjectSection(SolutionItems) = preProject
		.editorconfig = .editorconfig
		.editorconfig.inferred = .editorconfig.inferred
		CopyRight.MD = CopyRight.MD
		PdfParser Design.docx = PdfParser Design.docx
		PdfParser Design.pptx = PdfParser Design.pptx
		README.md = README.md
	EndProjectSection
EndProject
Project("{9A19103F-16F7-4668-BE54-9A1E7A4F7556}") = "CustomControlBaseLib", "..\CustomControlBaseLib\CustomControlBaseLib\CustomControlBaseLib.csproj", "{F021A1C5-6A88-452C-BD34-F421B143DF78}"
EndProject
Project("{9A19103F-16F7-4668-BE54-9A1E7A4F7556}") = "TextStoreLib", "TextStoreLib\TextStoreLib.csproj", "{BCAFE822-1FA5-4DCE-9E0D-B722FF240FF8}"
EndProject
Project("{FAE04EC0-301F-11D3-BF4B-00C04F79EFBC}") = "TextStoreLibTest", "TextStoreLibTest\TextStoreLibTest.csproj", "{F2153872-4290-4942-B94D-5BBE0EB2403F}"
EndProject
Global
	GlobalSection(SolutionConfigurationPlatforms) = preSolution
		Debug|Any CPU = Debug|Any CPU
		Release|Any CPU = Release|Any CPU
	EndGlobalSection
	GlobalSection(ProjectConfigurationPlatforms) = postSolution
		{13DB2BEC-79D1-465B-8983-D2F58EEC1FE3}.Debug|Any CPU.ActiveCfg = Debug|Any CPU
		{13DB2BEC-79D1-465B-8983-D2F58EEC1FE3}.Debug|Any CPU.Build.0 = Debug|Any CPU
		{13DB2BEC-79D1-465B-8983-D2F58EEC1FE3}.Release|Any CPU.ActiveCfg = Release|Any CPU
		{13DB2BEC-79D1-465B-8983-D2F58EEC1FE3}.Release|Any CPU.Build.0 = Release|Any CPU
		{6E9FFBCE-3038-45F2-B548-094FD6A4C95D}.Debug|Any CPU.ActiveCfg = Debug|Any CPU
		{6E9FFBCE-3038-45F2-B548-094FD6A4C95D}.Debug|Any CPU.Build.0 = Debug|Any CPU
		{6E9FFBCE-3038-45F2-B548-094FD6A4C95D}.Release|Any CPU.ActiveCfg = Release|Any CPU
		{6E9FFBCE-3038-45F2-B548-094FD6A4C95D}.Release|Any CPU.Build.0 = Release|Any CPU
		{F0A60EDF-B7E0-41E1-B3F3-C2FC53ED00CA}.Debug|Any CPU.ActiveCfg = Debug|Any CPU
		{F0A60EDF-B7E0-41E1-B3F3-C2FC53ED00CA}.Debug|Any CPU.Build.0 = Debug|Any CPU
		{F0A60EDF-B7E0-41E1-B3F3-C2FC53ED00CA}.Release|Any CPU.ActiveCfg = Release|Any CPU
		{F0A60EDF-B7E0-41E1-B3F3-C2FC53ED00CA}.Release|Any CPU.Build.0 = Release|Any CPU
		{277346D1-B62A-4C73-8E34-69A090ED29AE}.Debug|Any CPU.ActiveCfg = Debug|Any CPU
		{277346D1-B62A-4C73-8E34-69A090ED29AE}.Debug|Any CPU.Build.0 = Debug|Any CPU
		{277346D1-B62A-4C73-8E34-69A090ED29AE}.Release|Any CPU.ActiveCfg = Release|Any CPU
		{277346D1-B62A-4C73-8E34-69A090ED29AE}.Release|Any CPU.Build.0 = Release|Any CPU
		{B2691543-3A33-4FCC-B6A4-9CCE8A924F8E}.Debug|Any CPU.ActiveCfg = Debug|Any CPU
		{B2691543-3A33-4FCC-B6A4-9CCE8A924F8E}.Debug|Any CPU.Build.0 = Debug|Any CPU
		{B2691543-3A33-4FCC-B6A4-9CCE8A924F8E}.Release|Any CPU.ActiveCfg = Release|Any CPU
		{B2691543-3A33-4FCC-B6A4-9CCE8A924F8E}.Release|Any CPU.Build.0 = Release|Any CPU
		{F021A1C5-6A88-452C-BD34-F421B143DF78}.Debug|Any CPU.ActiveCfg = Debug|Any CPU
		{F021A1C5-6A88-452C-BD34-F421B143DF78}.Debug|Any CPU.Build.0 = Debug|Any CPU
		{F021A1C5-6A88-452C-BD34-F421B143DF78}.Release|Any CPU.ActiveCfg = Release|Any CPU
		{F021A1C5-6A88-452C-BD34-F421B143DF78}.Release|Any CPU.Build.0 = Release|Any CPU
		{BCAFE822-1FA5-4DCE-9E0D-B722FF240FF8}.Debug|Any CPU.ActiveCfg = Debug|Any CPU
		{BCAFE822-1FA5-4DCE-9E0D-B722FF240FF8}.Debug|Any CPU.Build.0 = Debug|Any CPU
		{BCAFE822-1FA5-4DCE-9E0D-B722FF240FF8}.Release|Any CPU.ActiveCfg = Release|Any CPU
		{BCAFE822-1FA5-4DCE-9E0D-B722FF240FF8}.Release|Any CPU.Build.0 = Release|Any CPU
		{F2153872-4290-4942-B94D-5BBE0EB2403F}.Debug|Any CPU.ActiveCfg = Debug|Any CPU
		{F2153872-4290-4942-B94D-5BBE0EB2403F}.Debug|Any CPU.Build.0 = Debug|Any CPU
		{F2153872-4290-4942-B94D-5BBE0EB2403F}.Release|Any CPU.ActiveCfg = Release|Any CPU
		{F2153872-4290-4942-B94D-5BBE0EB2403F}.Release|Any CPU.Build.0 = Release|Any CPU
	EndGlobalSection
	GlobalSection(SolutionProperties) = preSolution
		HideSolutionNode = FALSE
	EndGlobalSection
	GlobalSection(ExtensibilityGlobals) = postSolution
		SolutionGuid = {19261A7E-B327-4016-ACD9-D7756B90FFA8}
	EndGlobalSection
EndGlobal
